version = 1
revision = 3
requires-python = ">=3.11"

[[package]]
name = "japanese-tts-study"
version = "0.1.0"
source = { virtual = "." }
dependencies = [
    { name = "lameenc" },
    { name = "pygame" },
]

[package.metadata]
requires-dist = [
    { name = "lameenc", specifier = ">=1.8.1" },
    { name = "pygame", specifier = ">=2.6.1" },
]

[[package]]
name = "lameenc"
version = "1.8.4"
source = { registry = "https://pypi.org/simple" }
wheels = [
    { url = "https://files.pythonhosted.org/packages/bf/e4/8b80bc6e98b20e1a51a395d9dd9fe64ba1ac7a38d4bfa464445eed37ee08/lameenc-1.8.4-cp311-cp311-macosx_10_9_universal2.whl", hash = "sha256:e76adf8975bce5748d45bef3c520041c684093b76528fcfc773c3412b413ae5a", size = 189607, upload-time = "2026-06-27T15:03:06.977Z" },
    { url = "https://files.pythonhosted.org/packages/9a/d5/9b15afafe35d4815a356e62885a9190aefe04a16f5f83bf0a1ef290f82e9/lameenc-1.8.4-cp311-cp311-macosx_11_0_arm64.whl", hash = "sha256:abedb78eebd63a226d1fdf8c75c2cb0d1b4df3d1227585e3e8d5f6b9cff22cb2", size = 183347, upload-time = "2026-06-27T15:02:53.154Z" },
    { url = "https://files.pythonhosted.org/packages/ff/b1/58dd0e1c374bb65d70393e44c13fdbf7284e4cf33e7f453ac137abe1a9b7/lameenc-1.8.4-cp311-cp311-manylinux1_i686.manylinux_2_34_i686.manylinux_2_5_i686.whl", hash = "sha256:ad4e21fba6715460be492a64279097a979aa42cf07f7ef05981ccc4fac5063b2", size = 222667, upload-time = "2026-06-27T15:02:44.925Z" },
    { url = "https://files.pythonhosted.org/packages/73/18/ac32c846addcbcc66692860643aff57f83ed0d491fdedd6d4832aa23ba9a/lameenc-1.8.4-cp311-cp311-manylinux2014_aarch64.manylinux_2_17_aarch64.manylinux_2_28_aarch64.whl", hash = "sha256:7e6cfafe7626aca3ec81d734b99293ec6bf59843378fd11c39798973d2e3351b", size = 252876, upload-time = "2026-06-27T15:12:16.966Z" },
    { url = "https://files.pythonhosted.org/packages/31/bf/934d0f584504c0556abc63437f80902e654a2aa3214f6f66309632a25a4d/lameenc-1.8.4-cp311-cp311-manylinux2014_aarch64.manylinux_2_17_aarch64.manylinux_2_34_aarch64.whl", hash = "sha256:4163b7319680b6be7914cf8020c459869c619e0e99666dacd7e6ba0fd424d552", size = 252721, upload-time = "2026-06-27T15:07:57.148Z" },
    { url = "https://files.pythonhosted.org/packages/c8/ff/6566199323ec55881b6eb33f40262f5c4a1bad95264c36652fbc48fef8e7/lameenc-1.8.4-cp311-cp311-manylinux2014_x86_64.manylinux_2_17_x86_64.manylinux_2_28_x86_64.whl", hash = "sha256:59c383139afcb35dddf04abac6302a35a3f1d40407d83e4622a56df06f74bf5d", size = 248338, upload-time = "2026-06-27T14:58:54.791Z" },
    { url = "https://files.pythonhosted.org/packages/b8/fc/f9d6baf458687b67e4077c7b5577022112d1df1b1f37125b0754226a1fda/lameenc-1.8.4-cp311-cp311-manylinux2014_x86_64.manylinux_2_17_x86_64.manylinux_2_34_x86_64.whl", hash = "sha256:a94ccc4c2f6e47d291303c769811bb63ca9cf68b0e7e4bb3b9b257362db1c27b", size = 248405, upload-time = "2026-06-27T15:02:57.474Z" },
    { url = "https://files.pythonhosted.org/packages/04/d7/d56d8d2dedd9c700adf1d41259e50ceb8158ba296cdb5751dd571665af30/lameenc-1.8.4-cp311-cp311-manylinux_2_17_aarch64.manylinux2014_aarch64.manylinux_2_24_aarch64.whl", hash = "sha256:277ba63533f2c04a39842e50b44ec855bc6958e91924d973de8ac4b7ef9a3883", size = 267280, upload-time = "2026-06-27T15:06:45.407Z" },
    { url = "https://files.pythonhosted.org/packages/96/63/0f0933ce0ec0c9073ae0175c02628e56a27296ccf56f3bd658d10d96aab5/lameenc-1.8.4-cp311-cp311-manylinux_2_17_x86_64.manylinux2014_x86_64.manylinux_2_24_x86_64.whl", hash = "sha256:043147260caf0c807270e5a3a157cb9008acb545eb66d92e4c5d3dd9e99c0fc6", size = 272218, upload-time = "2026-06-27T15:01:14.966Z" },
    { url = "https://files.pythonhosted.org/packages/62/f0/0118a59a26547a16323deb2d2a21931a329ab0b6bff02d763316291643c0/lameenc-1.8.4-cp311-cp311-manylinux_2_5_i686.manylinux1_i686.manylinux_2_24_i686.whl", hash = "sha256:000018fc35ab4ee4f42114d46e7160a12a1dc09cfef5ba24c6fa58ab2b4508b6", size = 199978, upload-time = "2026-06-27T15:02:45.851Z" },
    { url = "https://files.pythonhosted.org/packages/46/72/c6487a4d8f269f02a2de1deda7648ad03b193021c064ad9bedcabc0f52d4/lameenc-1.8.4-cp311-cp311-win32.whl", hash = "sha256:664af1b0b0b3dad43b6e8b5d297300b187de043f7209f59a19aa7ce03a35b8d9", size = 124668, upload-time = "2026-06-27T15:03:39.973Z" },
    { url = "https://files.pythonhosted.org/packages/70/9b/d6536b83d688f87150b6e6f2a57a7d3eb0dcb84efd4974605febc4d5c513/lameenc-1.8.4-cp311-cp311-win_amd64.whl", hash = "sha256:28e51e725de35fe9492cfeb83f19e5f676765342139794e50d5d5e3827c124ff", size = 153003, upload-time = "2026-06-27T15:03:48.708Z" },
    { url = "https://files.pythonhosted.org/packages/41/15/1a74db8285788ef2996397a6af32f22ae1b3d15715865d3ad9ef5cb8448e/lameenc-1.8.4-cp311-cp311-win_arm64.whl", hash = "sha256:42ba49928c43af4c362eeb288c98870940df0bfbf4b124871a4c88d16746d74c", size = 131477, upload-time = "2026-06-27T15:03:37.145Z" },
    { url = "https://files.pythonhosted.org/packages/e7/41/afa8b9bd15ebe757b8a1029b1f44b0caa94252dd12537d78a81c360ad069/lameenc-1.8.4-cp312-cp312-macosx_10_13_universal2.whl", hash = "sha256:8482f68a0910606efc182f1858fef8655681d9d29c8edc9fa5c36acf74819118", size = 189628, upload-time = "2026-06-27T15:03:08.34Z" },
    { url = "https://files.pythonhosted.org/packages/4b/bd/d64e49025090c1971eb085076a40d82f3fcd8339f2a2a4e1e224bd9aa482/lameenc-1.8.4-cp312-cp312-macosx_11_0_arm64.whl", hash = "sha256:fb0d5bb76b09d8bf4e27f4824a72e4acd659bd4ec8dac2879fd5744f3d6d88fc", size = 178226, upload-time = "2026-06-27T15:02:59.939Z" },
    { url = "https://files.pythonhosted.org/packages/a3/1a/fa4d2e4df30b6322a806da58b214c5c8de30e4136027dddbbaa1238e5c1c/lameenc-1.8.4-cp312-cp312-manylinux1_i686.manylinux_2_34_i686.manylinux_2_5_i686.whl", hash = "sha256:43500c41c51a88bdca9b4ee85c5764d4c0d8c5b1d1cb9cc35c2449fc2e0412f9", size = 221785, upload-time = "2026-06-27T15:02:46.71Z" },
    { url = "https://files.pythonhosted.org/packages/7f/80/9f1ae88f9dc02b6a9ad53ab687c3e13077bb81f3f452bb59f17b42318ba0/lameenc-1.8.4-cp312-cp312-manylinux2014_aarch64.manylinux_2_17_aarch64.manylinux_2_28_aarch64.whl", hash = "sha256:ea7a7968b20535934bc11caca3d23b12e972de6e02f31bdc6a9e206c198cfd1e", size = 251884, upload-time = "2026-06-27T15:12:18.347Z" },
    { url = "https://files.pythonhosted.org/packages/98/4a/f5856aa2362feb8afc1a9e51d81a946b82413b465f5577943984dafab256/lameenc-1.8.4-cp312-cp312-manylinux2014_aarch64.manylinux_2_17_aarch64.manylinux_2_34_aarch64.whl", hash = "sha256:606ee90e18b70b0134c410fe21db11e31bc539e1da1a2c298d90889878766552", size = 251631, upload-time = "2026-06-27T15:07:58.681Z" },
    { url = "https://files.pythonhosted.org/packages/49/98/ced7da98fb0c149e80d3a5a97546b5abcec6a06f4187cc8842a737107487/lameenc-1.8.4-cp312-cp312-manylinux2014_x86_64.manylinux_2_17_x86_64.manylinux_2_28_x86_64.whl", hash = "sha256:00d619c0a617f66feccbbd2fa9ed3857958ea503f9fe0038cb8b1d950b8b6452", size = 247546, upload-time = "2026-06-27T14:58:55.928Z" },
    { url = "https://files.pythonhosted.org/packages/48/03/1d153252a5aa9093a461b3d013b1e8d383806f6c8c59c7f65c6928197aaa/lameenc-1.8.4-cp312-cp312-manylinux2014_x86_64.manylinux_2_17_x86_64.manylinux_2_34_x86_64.whl", hash = "sha256:18ba38c49759e217dd6fecf56ef92eab2a24f0a0d87ae4c3564ce4748d75b166", size = 247480, upload-time = "2026-06-27T15:02:59.079Z" },
    { url = "https://files.pythonhosted.org/packages/24/5c/f7f73b6ed2a46d149b7f8a2046c26e61e2cd4ac248f628cebce300abbf31/lameenc-1.8.4-cp312-cp312-win32.whl", hash = "sha256:513b5163b30581350be6c3e6adb58fd63ab1573ee534f5e9270655f3ffe63562", size = 124729, upload-time = "2026-06-27T15:03:41.39Z" },
    { url = "https://files.pythonhosted.org/packages/6e/d1/b4b08b1c27b4991052db2fae3082100a6317fef34873bbeb121809315b22/lameenc-1.8.4-cp312-cp312-win_amd64.whl", hash = "sha256:33854f5b479cec81679860c8d67225e2ab3a31a0bde0bdf49b55e2bd6ee1923e", size = 153045, upload-time = "2026-06-27T15:03:40.24Z" },
    { url = "https://files.pythonhosted.org/packages/8b/bd/ccbf35970373ab076e5036c1f14670eb13ed05bf4dbb2fbdfefe35e8b812/lameenc-1.8.4-cp312-cp312-win_arm64.whl", hash = "sha256:e72e10ea0240bcc46e05df9dd4979116e74e183a5983cd0dcb14ff5315444649", size = 131452, upload-time = "2026-06-27T15:03:36.726Z" },
    { url = "https://files.pythonhosted.org/packages/f9/9c/608f3e1daf71203037fb3c04ff714fd369363d44d3a54d7fe21dbd307025/lameenc-1.8.4-cp313-cp313-macosx_10_13_universal2.whl", hash = "sha256:78d8cdb3175e7c55a34c705c101a9e6483ae18572be22a6066aa4ef359df68f7", size = 189620, upload-time = "2026-06-27T15:03:07.299Z" },
    { url = "https://files.pythonhosted.org/packages/bf/f7/be59571f5ad29ad9a02d2e3fb69668ae06f5ea9ae1742fcda656e58de62f/lameenc-1.8.4-cp313-cp313-macosx_11_0_arm64.whl", hash = "sha256:05f1034b40d139a043c0ec877e968230dbc0945f320427d662d457277ab9bc4a", size = 183358, upload-time = "2026-06-27T15:03:04.675Z" },
    { url = "https://files.pythonhosted.org/packages/fd/62/70c196a516b38bf7fb3529e1c7621dbe8b05cf12c53eecda2628d9e5234d/lameenc-1.8.4-cp313-cp313-manylinux1_i686.manylinux_2_34_i686.manylinux_2_5_i686.whl", hash = "sha256:f3279d497a21395378e30cbf632bd40606c292e0f39d152e237ffb429cab3c8b", size = 221854, upload-time = "2026-06-27T15:02:48.374Z" },
    { url = "https://files.pythonhosted.org/packages/4e/1c/3a5863b8c8e2051ecce855a38099757218f8c0b2a2515015ce93519ff134/lameenc-1.8.4-cp313-cp313-manylinux2014_aarch64.manylinux_2_17_aarch64.manylinux_2_28_aarch64.whl", hash = "sha256:d9ce4baad7f0516682a91aa11d1e8483fe1996640c9a8c0e667ec3aec65a6fc4", size = 251967, upload-time = "2026-06-27T15:12:19.877Z" },
    { url = "https://files.pythonhosted.org/packages/e3/f6/ef38b5233ebddc05bae9ef5fe31e909f422b41a5a8e45073133fbf8fe191/lameenc-1.8.4-cp313-cp313-manylinux2014_aarch64.manylinux_2_17_aarch64.manylinux_2_34_aarch64.whl", hash = "sha256:c3496f6e68fc6441b0f6972acab9298de85c2013f888f80dd69c41a4976470bc", size = 251714, upload-time = "2026-06-27T15:08:00.185Z" },
    { url = "https://files.pythonhosted.org/packages/21/ab/61087872800c15f91c5e50c5331b139c4b55b62cbb3fbd25aeb87052e752/lameenc-1.8.4-cp313-cp313-manylinux2014_x86_64.manylinux_2_17_x86_64.manylinux_2_28_x86_64.whl", hash = "sha256:0e5b46a8e4ebf3dd495afc05fc8efcda24eac17b386e2c60b0d2e708d266c154", size = 247632, upload-time = "2026-06-27T14:58:57.199Z" },
    { url = "https://files.pythonhosted.org/packages/6c/2b/96dfcb4947b2fe558791009d621c831972b13dc3f4ab489d62585cd81d16/lameenc-1.8.4-cp313-cp313-manylinux2014_x86_64.manylinux_2_17_x86_64.manylinux_2_34_x86_64.whl", hash = "sha256:7e08ab42b8b6c2467c386e1ebb62fec8dae00cbb25d803d25e14bffd46fc9087", size = 247592, upload-time = "2026-06-27T15:03:00.536Z" },
    { url = "https://files.pythonhosted.org/packages/44/6c/d950bfcb0b8803ca281d5b72d1be7d0a045830ccda9a41fda86dd4c57669/lameenc-1.8.4-cp313-cp313-win32.whl", hash = "sha256:faf3926600c1f6ed577984e15647e5e459cedd9c929953acb70d605a2847b94e", size = 124725, upload-time = "2026-06-27T15:03:47.476Z" },
    { url = "https://files.pythonhosted.org/packages/53/aa/673a0c57d2e7ae5d800a2a43024d5ac1660ee26c114149e26a4188be93c2/lameenc-1.8.4-cp313-cp313-win_amd64.whl", hash = "sha256:7db3df4133d7b39f2f09ad684bf0a7a92c2d11117a0afc5db5cb152e48025b63", size = 153036, upload-time = "2026-06-27T15:03:46.669Z" },
    { url = "https://files.pythonhosted.org/packages/a8/23/5ade982d5d285b30144c7feb55a8680f2a883d14477046b44ec33c2cdac3/lameenc-1.8.4-cp313-cp313-win_arm64.whl", hash = "sha256:a9c40d7b054c2e8d816a95912268de52b7d3f5f1da250c73b611849c5159d072", size = 131448, upload-time = "2026-06-27T15:03:48.732Z" },
    { url = "https://files.pythonhosted.org/packages/13/57/44735025842e06e5e00f37049585df1ab45922b91d874bcce85110dc9deb/lameenc-1.8.4-cp314-cp314-macosx_10_15_universal2.whl", hash = "sha256:55e468c75354fd3a1874282d4b23b605137025dca9b024bb8be8f4e91c5169e5", size = 189543, upload-time = "2026-06-27T15:03:23.256Z" },
    { url = "https://files.pythonhosted.org/packages/97/d6/14e15129caa7cb4d2cb5c6b2b030d0bbc87ab9c7224be2a84d88997b3e78/lameenc-1.8.4-cp314-cp314-macosx_11_0_arm64.whl", hash = "sha256:859fa9f05e0c7e825efb72431f8243bcc4318c71ff3b4d57c7cebaed6fcadb65", size = 183350, upload-time = "2026-06-27T15:03:11.532Z" },
    { url = "https://files.pythonhosted.org/packages/da/35/818502b8e55b4cd9f7743500015e9ce07f01d474acdade0b0bd5e5ad3221/lameenc-1.8.4-cp314-cp314-manylinux1_i686.manylinux_2_34_i686.manylinux_2_5_i686.whl", hash = "sha256:92dae11d2fd422c3c310900893edd3e20d538741959c7cd426d91af2cf18fe27", size = 222018, upload-time = "2026-06-27T15:02:49.686Z" },
    { url = "https://files.pythonhosted.org/packages/de/9c/6fd42cb5c8fde74793042a16c3278a39c814f00ce37797ea61b642caeaff/lameenc-1.8.4-cp314-cp314-manylinux2014_aarch64.manylinux_2_17_aarch64.manylinux_2_28_aarch64.whl", hash = "sha256:29fa3dfb57b3d1ef021b2c9b9b940e2502d139bcf0c84153cd0f57c4506b856d", size = 252091, upload-time = "2026-06-27T15:12:21.482Z" },
    { url = "https://files.pythonhosted.org/packages/34/65/66211814595cd9ce2bbf8c7cea345c947fdae90f87573ccf082a2bbc525b/lameenc-1.8.4-cp314-cp314-manylinux2014_aarch64.manylinux_2_17_aarch64.manylinux_2_34_aarch64.whl", hash = "sha256:627588bc0a2520b33e87d7966bedb1138b724f18c0a5d24a2a3a12de17351fad", size = 251856, upload-time = "2026-06-27T15:08:01.728Z" },
    { url = "https://files.pythonhosted.org/packages/36/d6/224f9055296dfd16e44da364220167c2612402906fcc53e9e882d6bc72cc/lameenc-1.8.4-cp314-cp314-manylinux2014_x86_64.manylinux_2_17_x86_64.manylinux_2_28_x86_64.whl", hash = "sha256:c6527a8ae8ac078010a1fecc697145e7be1bb163cd5092b5c32d4332b6430886", size = 247729, upload-time = "2026-06-27T14:58:58.417Z" },
    { url = "https://files.pythonhosted.org/packages/43/6c/2298da206cdeac946cafc07d9e04d48e457874c96e6f5c8676cce39c83a0/lameenc-1.8.4-cp314-cp314-manylinux2014_x86_64.manylinux_2_17_x86_64.manylinux_2_34_x86_64.whl", hash = "sha256:d44282c566712e42aee1624b5e406a9f277ae5395b729338bd20d844a98eb770", size = 247696, upload-time = "2026-06-27T15:03:02.216Z" },
    { url = "https://files.pythonhosted.org/packages/5c/fa/30f3b02d8da0f209341b98a01f9918a7e2c68dee07949279a008f7f7647d/lameenc-1.8.4-cp314-cp314-win32.whl", hash = "sha256:31ab1bf3b191995293c1e085b43e3d78046341a156328d222d9a4d5eb3e149e3", size = 128577, upload-time = "2026-06-27T15:03:54.3Z" },
    { url = "https://files.pythonhosted.org/packages/2c/c7/3132e584e9df8196013bd8104e17ca3247e18d5ebfe9c9369878fc8a5924/lameenc-1.8.4-cp314-cp314-win_amd64.whl", hash = "sha256:74ddfa8ba265924f958c1135dacc62345fcee05a9449b26a902541cfa9b9857e", size = 157385, upload-time = "2026-06-27T15:03:44.671Z" },
    { url = "https://files.pythonhosted.org/packages/bf/a9/d88809cb11105984bd8fb17c98cae626f8ddf7a27e1e146fb89028cb81bf/lameenc-1.8.4-cp314-cp314-win_arm64.whl", hash = "sha256:d44397967f9b10daa3b6941d20e7035ec8d7c5168f1a108f831c6cd0de5ccd3c", size = 136928, upload-time = "2026-06-27T15:03:35.9Z" },
    { url = "https://files.pythonhosted.org/packages/39/15/376104b0580a45e4da36c413850c979b58d602a9c2e08271deb40f4d5c89/lameenc-1.8.4-cp314-cp314t-manylinux1_i686.manylinux_2_34_i686.manylinux_2_5_i686.whl", hash = "sha256:239741e14b715676326a4b340fe475b6f1007ecc31d50c38fba96736536e26b0", size = 223798, upload-time = "2026-06-27T15:02:51.011Z" },
    { url = "https://files.pythonhosted.org/packages/bf/3d/e693d99d943e0741780e917368152f8b0fe054311dbf6278ddb777bcd254/lameenc-1.8.4-cp314-cp314t-manylinux2014_aarch64.manylinux_2_17_aarch64.manylinux_2_28_aarch64.whl", hash = "sha256:61ee4980f099b3791322591a150e2efe3468f5f2cf145af0c55c866f11708cf6", size = 254301, upload-time = "2026-06-27T15:12:23.095Z" },
    { url = "https://files.pythonhosted.org/packages/64/1a/25fe55ae2a2e376c6ba1c40d4085ce2308ad32c125efc93d04b138c09639/lameenc-1.8.4-cp314-cp314t-manylinux2014_aarch64.manylinux_2_17_aarch64.manylinux_2_34_aarch64.whl", hash = "sha256:694afa6da2d89856017493bb1089283293988ba6522bad28e23697850569335e", size = 253929, upload-time = "2026-06-27T15:08:03.077Z" },
    { url = "https://files.pythonhosted.org/packages/32/af/668d9fc052852dd04fcb7093d55bd88484c2821bc0132adb75b017ede7c6/lameenc-1.8.4-cp314-cp314t-manylinux2014_x86_64.manylinux_2_17_x86_64.manylinux_2_28_x86_64.whl", hash = "sha256:6a4948b98574c025e8902af0aaba905ce9bf032a0b6ce6a578b64817611860e5", size = 249448, upload-time = "2026-06-27T14:58:59.78Z" },
    { url = "https://files.pythonhosted.org/packages/b7/d9/be995262968580b08e88e47d2e7a0192dce209009d554569a50a8335674c/lameenc-1.8.4-cp314-cp314t-manylinux2014_x86_64.manylinux_2_17_x86_64.manylinux_2_34_x86_64.whl", hash = "sha256:970685ae4ac246dccc177e3dad16a27187582cd4cdc57208e894e6bf860699d7", size = 249276, upload-time = "2026-06-27T15:03:03.77Z" },
    { url = "https://files.pythonhosted.org/packages/17/65/90a62ce8cb745daaab3883175cde26f19634b066c4305fbfabc0b1135ffa/lameenc-1.8.4-cp315-cp315-manylinux1_i686.manylinux_2_34_i686.manylinux_2_5_i686.whl", hash = "sha256:63bc671e3ca8a23654930af46251d848d67c4e47a566edd37f97795ce49bb82f", size = 222718, upload-time = "2026-06-27T15:02:52.234Z" },
    { url = "https://files.pythonhosted.org/packages/4f/08/1f263ff43d4af81e62ad6c85401049f6519dd1e8539c349281c91e2235bd/lameenc-1.8.4-cp315-cp315-manylinux2014_aarch64.manylinux_2_17_aarch64.manylinux_2_28_aarch64.whl", hash = "sha256:389b4210f47e68cf031c00db6f2cf41b517f6c5b00a8463e2c0dc1bbb3350394", size = 252497, upload-time = "2026-06-27T15:12:24.79Z" },
    { url = "https://files.pythonhosted.org/packages/fa/7d/70f649abc1af4b9844c063dd51dcbec3e56b61373921d35e40976278c460/lameenc-1.8.4-cp315-cp315-manylinux2014_aarch64.manylinux_2_17_aarch64.manylinux_2_34_aarch64.whl", hash = "sha256:e668d65f85b73d250b82c3a925c503c5b41ee3fe2ebff4255d620ebc8dff0148", size = 252265, upload-time = "2026-06-27T15:08:04.567Z" },
    { url = "https://files.pythonhosted.org/packages/87/e1/2e4acbce8383b324d887eb24a78d2f9b815ee5a4c36fa6198b62d45c9664/lameenc-1.8.4-cp315-cp315-manylinux2014_x86_64.manylinux_2_17_x86_64.manylinux_2_28_x86_64.whl", hash = "sha256:c00703b1c7fb7c2aecf453e750f0011914753ddbe529ec54ed98f53b8adba256", size = 248060, upload-time = "2026-06-27T14:59:00.926Z" },
    { url = "https://files.pythonhosted.org/packages/c0/82/bb07020a50b140bdcc1a77c7f5b478560e80a50f58ca4b5feac85c059305/lameenc-1.8.4-cp315-cp315-manylinux2014_x86_64.manylinux_2_17_x86_64.manylinux_2_34_x86_64.whl", hash = "sha256:1daa7739fb469558d2786909cee9e9e76a9f53fa93f8c1825acdc6c2d8192570", size = 248081, upload-time = "2026-06-27T15:03:05.229Z" },
    { url = "https://files.pythonhosted.org/packages/25/c4/23f73c2a159083cccddbd4b69c1a59f2c97b239c4f8fe638daf753486a4b/lameenc-1.8.4-cp315-cp315t-manylinux1_i686.manylinux_2_34_i686.manylinux_2_5_i686.whl", hash = "sha256:08ec5c10472dd153a75b17a52b402b5d62628fa054d701fc4a27ddd86e037351", size = 224228, upload-time = "2026-06-27T15:02:53.54Z" },
    { url = "https://files.pythonhosted.org/packages/e7/f5/00858b041b3dbdd833f3e28fed316bf73e2d0bc1519b560b5320af9679bd/lameenc-1.8.4-cp315-cp315t-manylinux2014_aarch64.manylinux_2_17_aarch64.manylinux_2_28_aarch64.whl", hash = "sha256:0bf1463f79c7965922dd0604dfaedd636e9e74acefb21ec254419f2b42cf6a4e", size = 254707, upload-time = "2026-06-27T15:12:26.443Z" },
    { url = "https://files.pythonhosted.org/packages/44/ae/3f091c3090e5dc093f781134a73d6ae41ad2f46426bfdb7bb1d884c47bae/lameenc-1.8.4-cp315-cp315t-manylinux2014_aarch64.manylinux_2_17_aarch64.manylinux_2_34_aarch64.whl", hash = "sha256:2f8ae9b47b02c327ac4ab0f5378dafc1f7b5bf0bd30b90fa81033ee71f0005d8", size = 254307, upload-time = "2026-06-27T15:08:05.914Z" },
    { url = "https://files.pythonhosted.org/packages/fb/f0/45a32cd5f41cc8462ecd97e47d651bf525e10ba1f7c71de3c5b18efcfdbc/lameenc-1.8.4-cp315-cp315t-manylinux2014_x86_64.manylinux_2_17_x86_64.manylinux_2_28_x86_64.whl", hash = "sha256:b8aacb9f345ff0e6cab137d0d8436c5d5712b332c4998f42d167fb5677bee83e", size = 249855, upload-time = "2026-06-27T14:59:02.08Z" },
    { url = "https://files.pythonhosted.org/packages/98/69/818d51a0c2004c26fd6c118eecb9508d6b672d22f813e11bf4586894be92/lameenc-1.8.4-cp315-cp315t-manylinux2014_x86_64.manylinux_2_17_x86_64.manylinux_2_34_x86_64.whl", hash = "sha256:7f83753a35babf2e70d1d511c3fdde0ceedf1af4977b705cb591b8da47bb457d", size = 249696, upload-time = "2026-06-27T15:03:06.985Z" },
    { url = "https://files.pythonhosted.org/packages/37/6b/e89a09b7806ac23d0a925a8031ad449d8a41a5f74713c9325599e1ac8439/lameenc-1.8.4-pp311-pypy311_pp73-manylinux1_i686.manylinux_2_34_i686.manylinux_2_5_i686.whl", hash = "sha256:4244d78ec6915c7b43532e691efbb1eadc347509b90abcd6066e1f92799e1088", size = 209690, upload-time = "2026-06-27T15:02:55.16Z" },
    { url = "https://files.pythonhosted.org/packages/7c/43/35863834d0526a9197961b6b0e86d9e1ed2110129fbd59603aabac29737e/lameenc-1.8.4-pp311-pypy311_pp73-manylinux2014_aarch64.manylinux_2_17_aarch64.manylinux_2_28_aarch64.whl", hash = "sha256:cdb498504559f9bfee58f65347343c0f0aa11bd5537d59cb0853a9e22d45a65f", size = 238284, upload-time = "2026-06-27T15:12:28.541Z" },
    { url = "https://files.pythonhosted.org/packages/b0/d2/0a06cee4ebec732a0d89a3467093e268078c2fc96c52cdbd1989e433d542/lameenc-1.8.4-pp311-pypy311_pp73-manylinux2014_aarch64.manylinux_2_17_aarch64.manylinux_2_34_aarch64.whl", hash = "sha256:e24a0358e1bc8f791c5b861f458ba568e7bdc42a9912b7415bd6f15c2df45388", size = 238274, upload-time = "2026-06-27T15:08:07.472Z" },
    { url = "https://files.pythonhosted.org/packages/0f/d4/086da93a95a53b641511d46f7f757f8c3a46041079a6250dfe1c23a4a53b/lameenc-1.8.4-pp311-pypy311_pp73-manylinux2014_x86_64.manylinux_2_17_x86_64.manylinux_2_28_x86_64.whl", hash = "sha256:8dda5242e426d73ce915c765147dc0b9fc7f4b639745a1a45dabde0104f88595", size = 233700, upload-time = "2026-06-27T14:59:03.197Z" },
    { url = "https://files.pythonhosted.org/packages/86/1c/2e18b64d729d42d28bcce4f974d9f2c0bc69749abe7c8733a3e1368f10a0/lameenc-1.8.4-pp311-pypy311_pp73-manylinux2014_x86_64.manylinux_2_17_x86_64.manylinux_2_34_x86_64.whl", hash = "sha256:2d2fd072c981e85777f3eb3c6f2e28da0a276934830bda8c9a32d64ffdd52130", size = 233700, upload-time = "2026-06-27T15:03:09.375Z" },
]

[[package]]
name = "pygame"
version = "2.6.1"
source = { registry = "https://pypi.org/simple" }
sdist = { url = "https://files.pythonhosted.org/packages/49/cc/08bba60f00541f62aaa252ce0cfbd60aebd04616c0b9574f755b583e45ae/pygame-2.6.1.tar.gz", hash = "sha256:56fb02ead529cee00d415c3e007f75e0780c655909aaa8e8bf616ee09c9feb1f", size = 14808125, upload-time = "2024-09-29T13:41:34.698Z" }
wheels = [
    { url = "https://files.pythonhosted.org/packages/c4/ca/8f367cb9fe734c4f6f6400e045593beea2635cd736158f9fabf58ee14e3c/pygame-2.6.1-cp311-cp311-macosx_10_9_x86_64.whl", hash = "sha256:20349195326a5e82a16e351ed93465a7845a7e2a9af55b7bc1b2110ea3e344e1", size = 13113753, upload-time = "2024-09-29T14:26:13.751Z" },
    { url = "https://files.pythonhosted.org/packages/83/47/6edf2f890139616b3219be9cfcc8f0cb8f42eb15efd59597927e390538cb/pygame-2.6.1-cp311-cp311-macosx_11_0_arm64.whl", hash = "sha256:f3935459109da4bb0b3901da9904f0a3e52028a3332a355d298b1673a334cf21", size = 12378146, upload-time = "2024-09-29T14:26:22.456Z" },
    { url = "https://files.pythonhosted.org/packages/00/9e/0d8aa8cf93db2d2ee38ebaf1c7b61d0df36ded27eb726221719c150c673d/pygame-2.6.1-cp311-cp311-manylinux_2_17_aarch64.manylinux2014_aarch64.whl", hash = "sha256:c31dbdb5d0217f32764797d21c2752e258e5fb7e895326538d82b5f75a0cd856", size = 13611760, upload-time = "2024-09-29T11:10:47.317Z" },
    { url = "https://files.pythonhosted.org/packages/d7/9e/d06adaa5cc65876bcd7a24f59f67e07f7e4194e6298130024ed3fb22c456/pygame-2.6.1-cp311-cp311-manylinux_2_17_i686.manylinux2014_i686.whl", hash = "sha256:173badf82fa198e6888017bea40f511cb28e69ecdd5a72b214e81e4dcd66c3b1", size = 14298054, upload-time = "2024-09-29T11:39:53.891Z" },
    { url = "https://files.pythonhosted.org/packages/7a/a1/9ae2852ebd3a7cc7d9ae7ff7919ab983e4a5c1b7a14e840732f23b2b48f6/pygame-2.6.1-cp311-cp311-manylinux_2_17_x86_64.manylinux2014_x86_64.whl", hash = "sha256:ce8cc108b92de9b149b344ad2e25eedbe773af0dc41dfb24d1f07f679b558c60", size = 13977107, upload-time = "2024-09-29T11:39:56.831Z" },
    { url = "https://files.pythonhosted.org/packages/31/df/6788fd2e9a864d0496a77670e44a7c012184b7a5382866ab0e60c55c0f28/pygame-2.6.1-cp311-cp311-win32.whl", hash = "sha256:811e7b925146d8149d79193652cbb83e0eca0aae66476b1cb310f0f4226b8b5c", size = 10250863, upload-time = "2024-09-29T11:44:48.199Z" },
    { url = "https://files.pythonhosted.org/packages/d2/55/ca3eb851aeef4f6f2e98a360c201f0d00bd1ba2eb98e2c7850d80aabc526/pygame-2.6.1-cp311-cp311-win_amd64.whl", hash = "sha256:91476902426facd4bb0dad4dc3b2573bc82c95c71b135e0daaea072ed528d299", size = 10622016, upload-time = "2024-09-29T12:17:01.545Z" },
    { url = "https://files.pythonhosted.org/packages/92/16/2c602c332f45ff9526d61f6bd764db5096ff9035433e2172e2d2cadae8db/pygame-2.6.1-cp312-cp312-macosx_10_9_x86_64.whl", hash = "sha256:4ee7f2771f588c966fa2fa8b829be26698c9b4836f82ede5e4edc1a68594942e", size = 13118279, upload-time = "2024-09-29T14:26:30.427Z" },
    { url = "https://files.pythonhosted.org/packages/cd/53/77ccbc384b251c6e34bfd2e734c638233922449a7844e3c7a11ef91cee39/pygame-2.6.1-cp312-cp312-macosx_11_0_arm64.whl", hash = "sha256:c8040ea2ab18c6b255af706ec01355c8a6b08dc48d77fd4ee783f8fc46a843bf", size = 12384524, upload-time = "2024-09-29T14:26:49.996Z" },
    { url = "https://files.pythonhosted.org/packages/06/be/3ed337583f010696c3b3435e89a74fb29d0c74d0931e8f33c0a4246307a9/pygame-2.6.1-cp312-cp312-manylinux_2_17_aarch64.manylinux2014_aarch64.whl", hash = "sha256:c47a6938de93fa610accd4969e638c2aebcb29b2fca518a84c3a39d91ab47116", size = 13587123, upload-time = "2024-09-29T11:10:50.072Z" },
    { url = "https://files.pythonhosted.org/packages/fd/ca/b015586a450db59313535662991b34d24c1f0c0dc149cc5f496573900f4e/pygame-2.6.1-cp312-cp312-manylinux_2_17_i686.manylinux2014_i686.whl", hash = "sha256:33006f784e1c7d7e466fcb61d5489da59cc5f7eb098712f792a225df1d4e229d", size = 14275532, upload-time = "2024-09-29T11:39:59.356Z" },
    { url = "https://files.pythonhosted.org/packages/b9/f2/d31e6ad42d657af07be2ffd779190353f759a07b51232b9e1d724f2cda46/pygame-2.6.1-cp312-cp312-manylinux_2_17_x86_64.manylinux2014_x86_64.whl", hash = "sha256:1206125f14cae22c44565c9d333607f1d9f59487b1f1432945dfc809aeaa3e88", size = 13952653, upload-time = "2024-09-29T11:40:01.781Z" },
    { url = "https://files.pythonhosted.org/packages/f3/42/8ea2a6979e6fa971702fece1747e862e2256d4a8558fe0da6364dd946c53/pygame-2.6.1-cp312-cp312-win32.whl", hash = "sha256:84fc4054e25262140d09d39e094f6880d730199710829902f0d8ceae0213379e", size = 10252421, upload-time = "2024-09-29T11:14:26.877Z" },
    { url = "https://files.pythonhosted.org/packages/5f/90/7d766d54bb95939725e9a9361f9c06b0cfbe3fe100aa35400f0a461a278a/pygame-2.6.1-cp312-cp312-win_amd64.whl", hash = "sha256:3a9e7396be0d9633831c3f8d5d82dd63ba373ad65599628294b7a4f8a5a01a65", size = 10624591, upload-time = "2024-09-29T11:52:54.489Z" },
    { url = "https://files.pythonhosted.org/packages/e1/91/718acf3e2a9d08a6ddcc96bd02a6f63c99ee7ba14afeaff2a51c987df0b9/pygame-2.6.1-cp313-cp313-macosx_10_13_x86_64.whl", hash = "sha256:ae6039f3a55d800db80e8010f387557b528d34d534435e0871326804df2a62f2", size = 13090765, upload-time = "2024-09-29T14:27:02.377Z" },
    { url = "https://files.pythonhosted.org/packages/0e/c6/9cb315de851a7682d9c7568a41ea042ee98d668cb8deadc1dafcab6116f0/pygame-2.6.1-cp313-cp313-macosx_11_0_arm64.whl", hash = "sha256:2a3a1288e2e9b1e5834e425bedd5ba01a3cd4902b5c2bff8ed4a740ccfe98171", size = 12381704, upload-time = "2024-09-29T14:27:10.228Z" },
    { url = "https://files.pythonhosted.org/packages/9f/8f/617a1196e31ae3b46be6949fbaa95b8c93ce15e0544266198c2266cc1b4d/pygame-2.6.1-cp313-cp313-manylinux_2_17_aarch64.manylinux2014_aarch64.whl", hash = "sha256:27eb17e3dc9640e4b4683074f1890e2e879827447770470c2aba9f125f74510b", size = 13581091, upload-time = "2024-09-29T11:30:27.653Z" },
    { url = "https://files.pythonhosted.org/packages/3b/87/2851a564e40a2dad353f1c6e143465d445dab18a95281f9ea458b94f3608/pygame-2.6.1-cp313-cp313-manylinux_2_17_i686.manylinux2014_i686.whl", hash = "sha256:4c1623180e70a03c4a734deb9bac50fc9c82942ae84a3a220779062128e75f3b", size = 14273844, upload-time = "2024-09-29T11:40:04.138Z" },
    { url = "https://files.pythonhosted.org/packages/85/b5/aa23aa2e70bcba42c989c02e7228273c30f3b44b9b264abb93eaeff43ad7/pygame-2.6.1-cp313-cp313-manylinux_2_17_x86_64.manylinux2014_x86_64.whl", hash = "sha256:ef07c0103d79492c21fced9ad68c11c32efa6801ca1920ebfd0f15fb46c78b1c", size = 13951197, upload-time = "2024-09-29T11:40:06.785Z" },
    { url = "https://files.pythonhosted.org/packages/a6/06/29e939b34d3f1354738c7d201c51c250ad7abefefaf6f8332d962ff67c4b/pygame-2.6.1-cp313-cp313-win32.whl", hash = "sha256:3acd8c009317190c2bfd81db681ecef47d5eb108c2151d09596d9c7ea9df5c0e", size = 10249309, upload-time = "2024-09-29T11:10:23.329Z" },
    { url = "https://files.pythonhosted.org/packages/7e/11/17f7f319ca91824b86557e9303e3b7a71991ef17fd45286bf47d7f0a38e6/pygame-2.6.1-cp313-cp313-win_amd64.whl", hash = "sha256:813af4fba5d0b2cb8e58f5d95f7910295c34067dcc290d34f1be59c48bd1ea6a", size = 10620084, upload-time = "2024-09-29T11:48:51.587Z" },
]
